
Microsoft Visual Studio Solution File, Format Version 12.00
# Visual Studio Version 17
VisualStudioVersion = 17.12.35514.174
MinimumVisualStudioVersion = 10.0.40219.1
Project("{FAE04EC0-301F-11D3-BF4B-00C04F79EFBC}") = "EasySearchUI", "EasySearchUI\EasySearchUI.csproj", "{F594CA75-DCF9-4094-BF49-A8C73F5C61B4}"
EndProject
Project("{FAE04EC0-301F-11D3-BF4B-00C04F79EFBC}") = "DocParser", "DocParser\DocParser.csproj", "{9AC7B9BA-DC14-448E-86C8-7EA1299D05AA}"
EndProject
Project("{FAE04EC0-301F-11D3-BF4B-00C04F79EFBC}") = "DocParser.SourceGenerator", "DocParser.SourceGenerator\DocParser.SourceGenerator.csproj", "{48514A39-48D4-4DCE-9E93-8C73EE09526B}"
EndProject
Project("{8BC9CEB8-8B4A-11D0-8D11-00A0C91BC942}") = "EverythingSDK", "EverythingSDK\EverythingSDK.vcxproj", "{F13046A9-5034-4282-B006-8A3BB9CDAA7E}"
EndProject
Project("{8BC9CEB8-8B4A-11D0-8D11-00A0C91BC942}") = "Pdfium.Wrapper", "Pdfium.Wrapper\Pdfium.Wrapper.vcxproj", "{84098CA5-5C73-43B7-869F-31D2467963A9}"
EndProject
Project("{FAE04EC0-301F-11D3-BF4B-00C04F79EFBC}") = "WinFileSearchLib", "WinFileSearchLib\WinFileSearchLib.csproj", "{25EE0C8E-B6A1-4190-8E7F-C12D5ECAAEB1}"
EndProject
Project("{2150E333-8FDC-42A3-9474-1A3956D46DE8}") = "Solution Items", "Solution Items", "{5F7B6482-038A-4FE6-8D54-ED97E2AC2B51}"
	ProjectSection(SolutionItems) = preProject
		.editorconfig = .editorconfig
	EndProjectSection
EndProject
Project("{FAE04EC0-301F-11D3-BF4B-00C04F79EFBC}") = "EasySearchCore", "EasySearchCore\EasySearchCore.csproj", "{09EB13EE-D838-4A53-91F0-A4230E12C892}"
EndProject
Global
	GlobalSection(SolutionConfigurationPlatforms) = preSolution
		Debug|ARM64 = Debug|ARM64
		Debug|x64 = Debug|x64
		Debug|x86 = Debug|x86
		Release|ARM64 = Release|ARM64
		Release|x64 = Release|x64
		Release|x86 = Release|x86
	EndGlobalSection
	GlobalSection(ProjectConfigurationPlatforms) = postSolution
		{F594CA75-DCF9-4094-BF49-A8C73F5C61B4}.Debug|ARM64.ActiveCfg = Debug|ARM64
		{F594CA75-DCF9-4094-BF49-A8C73F5C61B4}.Debug|ARM64.Build.0 = Debug|ARM64
		{F594CA75-DCF9-4094-BF49-A8C73F5C61B4}.Debug|ARM64.Deploy.0 = Debug|ARM64
		{F594CA75-DCF9-4094-BF49-A8C73F5C61B4}.Debug|x64.ActiveCfg = Debug|x64
		{F594CA75-DCF9-4094-BF49-A8C73F5C61B4}.Debug|x64.Build.0 = Debug|x64
		{F594CA75-DCF9-4094-BF49-A8C73F5C61B4}.Debug|x64.Deploy.0 = Debug|x64
		{F594CA75-DCF9-4094-BF49-A8C73F5C61B4}.Debug|x86.ActiveCfg = Debug|x86
		{F594CA75-DCF9-4094-BF49-A8C73F5C61B4}.Debug|x86.Build.0 = Debug|x86
		{F594CA75-DCF9-4094-BF49-A8C73F5C61B4}.Debug|x86.Deploy.0 = Debug|x86
		{F594CA75-DCF9-4094-BF49-A8C73F5C61B4}.Release|ARM64.ActiveCfg = Release|ARM64
		{F594CA75-DCF9-4094-BF49-A8C73F5C61B4}.Release|ARM64.Build.0 = Release|ARM64
		{F594CA75-DCF9-4094-BF49-A8C73F5C61B4}.Release|ARM64.Deploy.0 = Release|ARM64
		{F594CA75-DCF9-4094-BF49-A8C73F5C61B4}.Release|x64.ActiveCfg = Release|x64
		{F594CA75-DCF9-4094-BF49-A8C73F5C61B4}.Release|x64.Build.0 = Release|x64
		{F594CA75-DCF9-4094-BF49-A8C73F5C61B4}.Release|x64.Deploy.0 = Release|x64
		{F594CA75-DCF9-4094-BF49-A8C73F5C61B4}.Release|x86.ActiveCfg = Release|x86
		{F594CA75-DCF9-4094-BF49-A8C73F5C61B4}.Release|x86.Build.0 = Release|x86
		{F594CA75-DCF9-4094-BF49-A8C73F5C61B4}.Release|x86.Deploy.0 = Release|x86
		{9AC7B9BA-DC14-448E-86C8-7EA1299D05AA}.Debug|ARM64.ActiveCfg = Debug|x64
		{9AC7B9BA-DC14-448E-86C8-7EA1299D05AA}.Debug|ARM64.Build.0 = Debug|x64
		{9AC7B9BA-DC14-448E-86C8-7EA1299D05AA}.Debug|x64.ActiveCfg = Debug|x64
		{9AC7B9BA-DC14-448E-86C8-7EA1299D05AA}.Debug|x64.Build.0 = Debug|x64
		{9AC7B9BA-DC14-448E-86C8-7EA1299D05AA}.Debug|x86.ActiveCfg = Debug|x86
		{9AC7B9BA-DC14-448E-86C8-7EA1299D05AA}.Debug|x86.Build.0 = Debug|x86
		{9AC7B9BA-DC14-448E-86C8-7EA1299D05AA}.Release|ARM64.ActiveCfg = Release|x64
		{9AC7B9BA-DC14-448E-86C8-7EA1299D05AA}.Release|ARM64.Build.0 = Release|x64
		{9AC7B9BA-DC14-448E-86C8-7EA1299D05AA}.Release|x64.ActiveCfg = Release|x64
		{9AC7B9BA-DC14-448E-86C8-7EA1299D05AA}.Release|x64.Build.0 = Release|x64
		{9AC7B9BA-DC14-448E-86C8-7EA1299D05AA}.Release|x86.ActiveCfg = Release|x86
		{9AC7B9BA-DC14-448E-86C8-7EA1299D05AA}.Release|x86.Build.0 = Release|x86
		{48514A39-48D4-4DCE-9E93-8C73EE09526B}.Debug|ARM64.ActiveCfg = Debug|x64
		{48514A39-48D4-4DCE-9E93-8C73EE09526B}.Debug|ARM64.Build.0 = Debug|x64
		{48514A39-48D4-4DCE-9E93-8C73EE09526B}.Debug|x64.ActiveCfg = Debug|x64
		{48514A39-48D4-4DCE-9E93-8C73EE09526B}.Debug|x64.Build.0 = Debug|x64
		{48514A39-48D4-4DCE-9E93-8C73EE09526B}.Debug|x86.ActiveCfg = Debug|x86
		{48514A39-48D4-4DCE-9E93-8C73EE09526B}.Debug|x86.Build.0 = Debug|x86
		{48514A39-48D4-4DCE-9E93-8C73EE09526B}.Release|ARM64.ActiveCfg = Release|x64
		{48514A39-48D4-4DCE-9E93-8C73EE09526B}.Release|ARM64.Build.0 = Release|x64
		{48514A39-48D4-4DCE-9E93-8C73EE09526B}.Release|x64.ActiveCfg = Release|x64
		{48514A39-48D4-4DCE-9E93-8C73EE09526B}.Release|x64.Build.0 = Release|x64
		{48514A39-48D4-4DCE-9E93-8C73EE09526B}.Release|x86.ActiveCfg = Release|x86
		{48514A39-48D4-4DCE-9E93-8C73EE09526B}.Release|x86.Build.0 = Release|x86
		{F13046A9-5034-4282-B006-8A3BB9CDAA7E}.Debug|ARM64.ActiveCfg = Debug|x64
		{F13046A9-5034-4282-B006-8A3BB9CDAA7E}.Debug|ARM64.Build.0 = Debug|x64
		{F13046A9-5034-4282-B006-8A3BB9CDAA7E}.Debug|x64.ActiveCfg = Debug|x64
		{F13046A9-5034-4282-B006-8A3BB9CDAA7E}.Debug|x64.Build.0 = Debug|x64
		{F13046A9-5034-4282-B006-8A3BB9CDAA7E}.Debug|x86.ActiveCfg = Debug|Win32
		{F13046A9-5034-4282-B006-8A3BB9CDAA7E}.Debug|x86.Build.0 = Debug|Win32
		{F13046A9-5034-4282-B006-8A3BB9CDAA7E}.Release|ARM64.ActiveCfg = Release|x64
		{F13046A9-5034-4282-B006-8A3BB9CDAA7E}.Release|ARM64.Build.0 = Release|x64
		{F13046A9-5034-4282-B006-8A3BB9CDAA7E}.Release|x64.ActiveCfg = Release|x64
		{F13046A9-5034-4282-B006-8A3BB9CDAA7E}.Release|x64.Build.0 = Release|x64
		{F13046A9-5034-4282-B006-8A3BB9CDAA7E}.Release|x86.ActiveCfg = Release|Win32
		{F13046A9-5034-4282-B006-8A3BB9CDAA7E}.Release|x86.Build.0 = Release|Win32
		{84098CA5-5C73-43B7-869F-31D2467963A9}.Debug|ARM64.ActiveCfg = Debug|x64
		{84098CA5-5C73-43B7-869F-31D2467963A9}.Debug|ARM64.Build.0 = Debug|x64
		{84098CA5-5C73-43B7-869F-31D2467963A9}.Debug|x64.ActiveCfg = Debug|x64
		{84098CA5-5C73-43B7-869F-31D2467963A9}.Debug|x64.Build.0 = Debug|x64
		{84098CA5-5C73-43B7-869F-31D2467963A9}.Debug|x86.ActiveCfg = Debug|Win32
		{84098CA5-5C73-43B7-869F-31D2467963A9}.Debug|x86.Build.0 = Debug|Win32
		{84098CA5-5C73-43B7-869F-31D2467963A9}.Release|ARM64.ActiveCfg = Release|x64
		{84098CA5-5C73-43B7-869F-31D2467963A9}.Release|ARM64.Build.0 = Release|x64
		{84098CA5-5C73-43B7-869F-31D2467963A9}.Release|x64.ActiveCfg = Release|x64
		{84098CA5-5C73-43B7-869F-31D2467963A9}.Release|x64.Build.0 = Release|x64
		{84098CA5-5C73-43B7-869F-31D2467963A9}.Release|x86.ActiveCfg = Release|Win32
		{84098CA5-5C73-43B7-869F-31D2467963A9}.Release|x86.Build.0 = Release|Win32
		{25EE0C8E-B6A1-4190-8E7F-C12D5ECAAEB1}.Debug|ARM64.ActiveCfg = Debug|Any CPU
		{25EE0C8E-B6A1-4190-8E7F-C12D5ECAAEB1}.Debug|ARM64.Build.0 = Debug|Any CPU
		{25EE0C8E-B6A1-4190-8E7F-C12D5ECAAEB1}.Debug|x64.ActiveCfg = Debug|x64
		{25EE0C8E-B6A1-4190-8E7F-C12D5ECAAEB1}.Debug|x64.Build.0 = Debug|x64
		{25EE0C8E-B6A1-4190-8E7F-C12D5ECAAEB1}.Debug|x86.ActiveCfg = Debug|x86
		{25EE0C8E-B6A1-4190-8E7F-C12D5ECAAEB1}.Debug|x86.Build.0 = Debug|x86
		{25EE0C8E-B6A1-4190-8E7F-C12D5ECAAEB1}.Release|ARM64.ActiveCfg = Release|Any CPU
		{25EE0C8E-B6A1-4190-8E7F-C12D5ECAAEB1}.Release|ARM64.Build.0 = Release|Any CPU
		{25EE0C8E-B6A1-4190-8E7F-C12D5ECAAEB1}.Release|x64.ActiveCfg = Release|x64
		{25EE0C8E-B6A1-4190-8E7F-C12D5ECAAEB1}.Release|x64.Build.0 = Release|x64
		{25EE0C8E-B6A1-4190-8E7F-C12D5ECAAEB1}.Release|x86.ActiveCfg = Release|x86
		{25EE0C8E-B6A1-4190-8E7F-C12D5ECAAEB1}.Release|x86.Build.0 = Release|x86
		{09EB13EE-D838-4A53-91F0-A4230E12C892}.Debug|ARM64.ActiveCfg = Debug|Any CPU
		{09EB13EE-D838-4A53-91F0-A4230E12C892}.Debug|ARM64.Build.0 = Debug|Any CPU
		{09EB13EE-D838-4A53-91F0-A4230E12C892}.Debug|x64.ActiveCfg = Debug|Any CPU
		{09EB13EE-D838-4A53-91F0-A4230E12C892}.Debug|x64.Build.0 = Debug|Any CPU
		{09EB13EE-D838-4A53-91F0-A4230E12C892}.Debug|x86.ActiveCfg = Debug|Any CPU
		{09EB13EE-D838-4A53-91F0-A4230E12C892}.Debug|x86.Build.0 = Debug|Any CPU
		{09EB13EE-D838-4A53-91F0-A4230E12C892}.Release|ARM64.ActiveCfg = Release|Any CPU
		{09EB13EE-D838-4A53-91F0-A4230E12C892}.Release|ARM64.Build.0 = Release|Any CPU
		{09EB13EE-D838-4A53-91F0-A4230E12C892}.Release|x64.ActiveCfg = Release|Any CPU
		{09EB13EE-D838-4A53-91F0-A4230E12C892}.Release|x64.Build.0 = Release|Any CPU
		{09EB13EE-D838-4A53-91F0-A4230E12C892}.Release|x86.ActiveCfg = Release|Any CPU
		{09EB13EE-D838-4A53-91F0-A4230E12C892}.Release|x86.Build.0 = Release|Any CPU
	EndGlobalSection
	GlobalSection(SolutionProperties) = preSolution
		HideSolutionNode = FALSE
	EndGlobalSection
	GlobalSection(ExtensibilityGlobals) = postSolution
		SolutionGuid = {C6BA6D88-8C02-446A-8360-9BFE1B7D5E8A}
	EndGlobalSection
EndGlobal
